
Microsoft Visual Studio Solution File, Format Version 12.00
# Visual Studio 15
VisualStudioVersion = 15.0.28010.2003
MinimumVisualStudioVersion = 10.0.40219.1
Project("{FAE04EC0-301F-11D3-BF4B-00C04F79EFBC}") = "ApplicationInsights-MVC-Application", "ApplicationInsights-MVC-Application\ApplicationInsights-MVC-Application.csproj", "{A0A82892-10CA-45E6-80FB-E9D0DF26A9AE}"
EndProject
Global
	GlobalSection(SolutionConfigurationPlatforms) = preSolution
		Debug|Any CPU = Debug|Any CPU
		Release|Any CPU = Release|Any CPU
	EndGlobalSection
	GlobalSection(ProjectConfigurationPlatforms) = postSolution
		{A0A82892-10CA-45E6-80FB-E9D0DF26A9AE}.Debug|Any CPU.ActiveCfg = Debug|Any CPU
		{A0A82892-10CA-45E6-80FB-E9D0DF26A9AE}.Debug|Any CPU.Build.0 = Debug|Any CPU
		{A0A82892-10CA-45E6-80FB-E9D0DF26A9AE}.Release|Any CPU.ActiveCfg = Release|Any CPU
		{A0A82892-10CA-45E6-80FB-E9D0DF26A9AE}.Release|Any CPU.Build.0 = Release|Any CPU
	EndGlobalSection
	GlobalSection(SolutionProperties) = preSolution
		HideSolutionNode = FALSE
	EndGlobalSection
	GlobalSection(ExtensibilityGlobals) = postSolution
		SolutionGuid = {7DCB32D8-2958-4F71-9092-53F73922D878}
	EndGlobalSection
EndGlobal
